{
  "nodes": {
    "aquamarine": {
      "inputs": {
        "hyprutils": [
          "hyprland",
          "hyprutils"
        ],
        "hyprwayland-scanner": [
          "hyprland",
          "hyprwayland-scanner"
        ],
        "nixpkgs": [
          "hyprland",
          "nixpkgs"
        ],
        "systems": [
          "hyprland",
          "systems"
        ]
      },
      "locked": {
        "lastModified": 1764714051,
        "narHash": "sha256-AjcMlM3UoavFoLzr0YrcvsIxALShjyvwe+o7ikibpCM=",
        "owner": "hyprwm",
        "repo": "aquamarine",
        "rev": "a43bedcceced5c21ad36578ed823e6099af78214",
        "type": "github"
      },
      "original": {
        "owner": "hyprwm",
        "repo": "aquamarine",
        "type": "github"
      }
    },
    "firefox-addons": {
      "inputs": {
        "nixpkgs": [
          "nixpkgs"
        ]
      },
      "locked": {
        "dir": "pkgs/firefox-addons",
        "lastModified": 1765080359,
        "narHash": "sha256-BvAgmqgswcokD2eWoyO3uB1k1VTdpxDHGSx0RYRFjDg=",
        "owner": "rycee",
        "repo": "nur-expressions",
        "rev": "35f8ab2ecd954b3a348aa0e253878211c48a0aa7",
        "type": "gitlab"
      },
      "original": {
        "dir": "pkgs/firefox-addons",
        "owner": "rycee",
        "repo": "nur-expressions",
        "type": "gitlab"
      }
    },
    "flake-compat": {
      "flake": false,
      "locked": {
        "lastModified": 1761588595,
        "narHash": "sha256-XKUZz9zewJNUj46b4AJdiRZJAvSZ0Dqj2BNfXvFlJC4=",
        "owner": "edolstra",
        "repo": "flake-compat",
        "rev": "f387cd2afec9419c8ee37694406ca490c3f34ee5",
        "type": "github"
      },
      "original": {
        "owner": "edolstra",
        "repo": "flake-compat",
        "type": "github"
      }
    },
    "flake-parts": {
      "inputs": {
        "nixpkgs-lib": [
          "mevim",
          "neovim-nightly-overlay",
          "nixpkgs"
        ]
      },
      "locked": {
        "lastModified": 1763759067,
        "narHash": "sha256-LlLt2Jo/gMNYAwOgdRQBrsRoOz7BPRkzvNaI/fzXi2Q=",
        "owner": "hercules-ci",
        "repo": "flake-parts",
        "rev": "2cccadc7357c0ba201788ae99c4dfa90728ef5e0",
        "type": "github"
      },
      "original": {
        "owner": "hercules-ci",
        "repo": "flake-parts",
        "type": "github"
      }
    },
    "gitignore": {
      "inputs": {
        "nixpkgs": [
          "hyprland",
          "pre-commit-hooks",
          "nixpkgs"
        ]
      },
      "locked": {
        "lastModified": 1709087332,
        "narHash": "sha256-HG2cCnktfHsKV0s4XW83gU3F57gaTljL9KNSuG6bnQs=",
        "owner": "hercules-ci",
        "repo": "gitignore.nix",
        "rev": "637db329424fd7e46cf4185293b9cc8c88c95394",
        "type": "github"
      },
      "original": {
        "owner": "hercules-ci",
        "repo": "gitignore.nix",
        "type": "github"
      }
    },
    "home-manager": {
      "inputs": {
        "nixpkgs": [
          "nixpkgs"
        ]
      },
      "locked": {
        "lastModified": 1764998300,
        "narHash": "sha256-fZatn/KLfHLDXnF0wy7JxXqGaZmGDTVufT4o/AOlj44=",
        "owner": "nix-community",
        "repo": "home-manager",
        "rev": "27a6182347ccae90a88231ae0dc5dfa7d15815bb",
        "type": "github"
      },
      "original": {
        "owner": "nix-community",
        "repo": "home-manager",
        "type": "github"
      }
    },
    "home-manager_2": {
      "inputs": {
        "nixpkgs": [
          "zen-browser",
          "nixpkgs"
        ]
      },
      "locked": {
        "lastModified": 1762964643,
        "narHash": "sha256-RYHN8O/Aja59XDji6WSJZPkJpYVUfpSkyH+PEupBJqM=",
        "owner": "nix-community",
        "repo": "home-manager",
        "rev": "827f2a23373a774a8805f84ca5344654c31f354b",
        "type": "github"
      },
      "original": {
        "owner": "nix-community",
        "repo": "home-manager",
        "type": "github"
      }
    },
    "hypr-dynamic-cursors": {
      "inputs": {
        "hyprland": [
          "hyprland"
        ],
        "nixpkgs": [
          "nixpkgs"
        ]
      },
      "locked": {
        "lastModified": 1763589171,
        "narHash": "sha256-3+k074XQ4quCWQ/WLEeYTTD+AlDlxtzKvH9gkWqn+8Y=",
        "owner": "VirtCode",
        "repo": "hypr-dynamic-cursors",
        "rev": "85e6a93f311132d775538c4a016b637b366d2a44",
        "type": "github"
      },
      "original": {
        "owner": "VirtCode",
        "repo": "hypr-dynamic-cursors",
        "type": "github"
      }
    },
    "hyprcursor": {
      "inputs": {
        "hyprlang": [
          "hyprland",
          "hyprlang"
        ],
        "nixpkgs": [
          "hyprland",
          "nixpkgs"
        ],
        "systems": [
          "hyprland",
          "systems"
        ]
      },
      "locked": {
        "lastModified": 1753964049,
        "narHash": "sha256-lIqabfBY7z/OANxHoPeIrDJrFyYy9jAM4GQLzZ2feCM=",
        "owner": "hyprwm",
        "repo": "hyprcursor",
        "rev": "44e91d467bdad8dcf8bbd2ac7cf49972540980a5",
        "type": "github"
      },
      "original": {
        "owner": "hyprwm",
        "repo": "hyprcursor",
        "type": "github"
      }
    },
    "hyprgraphics": {
      "inputs": {
        "hyprutils": [
          "hyprland",
          "hyprutils"
        ],
        "nixpkgs": [
          "hyprland",
          "nixpkgs"
        ],
        "systems": [
          "hyprland",
          "systems"
        ]
      },
      "locked": {
        "lastModified": 1763733840,
        "narHash": "sha256-JnET78yl5RvpGuDQy3rCycOCkiKoLr5DN1fPhRNNMco=",
        "owner": "hyprwm",
        "repo": "hyprgraphics",
        "rev": "8f1bec691b2d198c60cccabca7a94add2df4ed1a",
        "type": "github"
      },
      "original": {
        "owner": "hyprwm",
        "repo": "hyprgraphics",
        "type": "github"
      }
    },
    "hyprland": {
      "inputs": {
        "aquamarine": "aquamarine",
        "hyprcursor": "hyprcursor",
        "hyprgraphics": "hyprgraphics",
        "hyprland-guiutils": "hyprland-guiutils",
        "hyprland-protocols": "hyprland-protocols",
        "hyprlang": "hyprlang",
        "hyprutils": "hyprutils",
        "hyprwayland-scanner": "hyprwayland-scanner",
        "hyprwire": "hyprwire",
        "nixpkgs": [
          "nixpkgs"
        ],
        "pre-commit-hooks": "pre-commit-hooks",
        "systems": "systems",
        "xdph": "xdph"
      },
      "locked": {
        "lastModified": 1765104552,
        "narHash": "sha256-oaYLaXFEOHrS67UBWUcG8S8lFNTmLo65x8CmT++iLug=",
        "owner": "hyprwm",
        "repo": "Hyprland",
        "rev": "76ac655c9e624069cf17f470773e37d8172ee290",
        "type": "github"
      },
      "original": {
        "owner": "hyprwm",
        "repo": "Hyprland",
        "type": "github"
      }
    },
    "hyprland-guiutils": {
      "inputs": {
        "aquamarine": [
          "hyprland",
          "aquamarine"
        ],
        "hyprgraphics": [
          "hyprland",
          "hyprgraphics"
        ],
        "hyprlang": [
          "hyprland",
          "hyprlang"
        ],
        "hyprtoolkit": "hyprtoolkit",
        "hyprutils": [
          "hyprland",
          "hyprutils"
        ],
        "hyprwayland-scanner": [
          "hyprland",
          "hyprwayland-scanner"
        ],
        "nixpkgs": [
          "hyprland",
          "nixpkgs"
        ],
        "systems": [
          "hyprland",
          "systems"
        ]
      },
      "locked": {
        "lastModified": 1764812575,
        "narHash": "sha256-1bK1yGgaR82vajUrt6z+BSljQvFn91D74WJ/vJsydtE=",
        "owner": "hyprwm",
        "repo": "hyprland-guiutils",
        "rev": "fd321368a40c782cfa299991e5584ca338e36ebe",
        "type": "github"
      },
      "original": {
        "owner": "hyprwm",
        "repo": "hyprland-guiutils",
        "type": "github"
      }
    },
    "hyprland-protocols": {
      "inputs": {
        "nixpkgs": [
          "hyprland",
          "nixpkgs"
        ],
        "systems": [
          "hyprland",
          "systems"
        ]
      },
      "locked": {
        "lastModified": 1759610243,
        "narHash": "sha256-+KEVnKBe8wz+a6dTLq8YDcF3UrhQElwsYJaVaHXJtoI=",
        "owner": "hyprwm",
        "repo": "hyprland-protocols",
        "rev": "bd153e76f751f150a09328dbdeb5e4fab9d23622",
        "type": "github"
      },
      "original": {
        "owner": "hyprwm",
        "repo": "hyprland-protocols",
        "type": "github"
      }
    },
    "hyprlang": {
      "inputs": {
        "hyprutils": [
          "hyprland",
          "hyprutils"
        ],
        "nixpkgs": [
          "hyprland",
          "nixpkgs"
        ],
        "systems": [
          "hyprland",
          "systems"
        ]
      },
      "locked": {
        "lastModified": 1764612430,
        "narHash": "sha256-54ltTSbI6W+qYGMchAgCR6QnC1kOdKXN6X6pJhOWxFg=",
        "owner": "hyprwm",
        "repo": "hyprlang",
        "rev": "0d00dc118981531aa731150b6ea551ef037acddd",
        "type": "github"
      },
      "original": {
        "owner": "hyprwm",
        "repo": "hyprlang",
        "type": "github"
      }
    },
    "hyprtoolkit": {
      "inputs": {
        "aquamarine": [
          "hyprland",
          "hyprland-guiutils",
          "aquamarine"
        ],
        "hyprgraphics": [
          "hyprland",
          "hyprland-guiutils",
          "hyprgraphics"
        ],
        "hyprlang": [
          "hyprland",
          "hyprland-guiutils",
          "hyprlang"
        ],
        "hyprutils": [
          "hyprland",
          "hyprland-guiutils",
          "hyprutils"
        ],
        "hyprwayland-scanner": [
          "hyprland",
          "hyprland-guiutils",
          "hyprwayland-scanner"
        ],
        "nixpkgs": [
          "hyprland",
          "hyprland-guiutils",
          "nixpkgs"
        ],
        "systems": [
          "hyprland",
          "hyprland-guiutils",
          "systems"
        ]
      },
      "locked": {
        "lastModified": 1764592794,
        "narHash": "sha256-7CcO+wbTJ1L1NBQHierHzheQGPWwkIQug/w+fhTAVuU=",
        "owner": "hyprwm",
        "repo": "hyprtoolkit",
        "rev": "5cfe0743f0e608e1462972303778d8a0859ee63e",
        "type": "github"
      },
      "original": {
        "owner": "hyprwm",
        "repo": "hyprtoolkit",
        "type": "github"
      }
    },
    "hyprutils": {
      "inputs": {
        "nixpkgs": [
          "hyprland",
          "nixpkgs"
        ],
        "systems": [
          "hyprland",
          "systems"
        ]
      },
      "locked": {
        "lastModified": 1764962281,
        "narHash": "sha256-rGbEMhTTyTzw4iyz45lch5kXseqnqcEpmrHdy+zHsfo=",
        "owner": "hyprwm",
        "repo": "hyprutils",
        "rev": "fe686486ac867a1a24f99c753bb40ffed338e4b0",
        "type": "github"
      },
      "original": {
        "owner": "hyprwm",
        "repo": "hyprutils",
        "type": "github"
      }
    },
    "hyprwayland-scanner": {
      "inputs": {
        "nixpkgs": [
          "hyprland",
          "nixpkgs"
        ],
        "systems": [
          "hyprland",
          "systems"
        ]
      },
      "locked": {
        "lastModified": 1763640274,
        "narHash": "sha256-Uan1Nl9i4TF/kyFoHnTq1bd/rsWh4GAK/9/jDqLbY5A=",
        "owner": "hyprwm",
        "repo": "hyprwayland-scanner",
        "rev": "f6cf414ca0e16a4d30198fd670ec86df3c89f671",
        "type": "github"
      },
      "original": {
        "owner": "hyprwm",
        "repo": "hyprwayland-scanner",
        "type": "github"
      }
    },
    "hyprwire": {
      "inputs": {
        "hyprutils": [
          "hyprland",
          "hyprutils"
        ],
        "nixpkgs": [
          "hyprland",
          "nixpkgs"
        ],
        "systems": [
          "hyprland",
          "systems"
        ]
      },
      "locked": {
        "lastModified": 1764872015,
        "narHash": "sha256-INI9AVrQG5nJZFvGPSiUZ9FEUZJLfGdsqjF1QSak7Gc=",
        "owner": "hyprwm",
        "repo": "hyprwire",
        "rev": "7997451dcaab7b9d9d442f18985d514ec5891608",
        "type": "github"
      },
      "original": {
        "owner": "hyprwm",
        "repo": "hyprwire",
        "type": "github"
      }
    },
    "meshell": {
      "inputs": {
        "nixpkgs": [
          "nixpkgs"
        ]
      },
      "locked": {
        "lastModified": 1764789260,
        "narHash": "sha256-QMdzTOIExajoEt85Ez2b1ASL4TVggtaTFRi9tdwe+N4=",
        "owner": "jonas-elhs",
        "repo": "meshell",
        "rev": "b49e38945c0bee947f935207016712c5996a7021",
        "type": "github"
      },
      "original": {
        "owner": "jonas-elhs",
        "repo": "meshell",
        "type": "github"
      }
    },
    "mevim": {
      "inputs": {
        "neovim-nightly-overlay": "neovim-nightly-overlay",
        "nixCats": "nixCats",
        "nixpkgs": [
          "nixpkgs"
        ],
        "nvim-treesitter-main": "nvim-treesitter-main",
        "plugins-conform-nvim": "plugins-conform-nvim",
        "plugins-gitsigns-nvim": "plugins-gitsigns-nvim",
        "plugins-incline-nvim": "plugins-incline-nvim",
        "plugins-leap-nvim": "plugins-leap-nvim",
        "plugins-live-preview-nvim": "plugins-live-preview-nvim",
        "plugins-mini-nvim": "plugins-mini-nvim",
        "plugins-noice-nvim": "plugins-noice-nvim",
        "plugins-nui-nvim": "plugins-nui-nvim",
        "plugins-nvim-colorizer-lua": "plugins-nvim-colorizer-lua",
        "plugins-nvim-lint": "plugins-nvim-lint",
        "plugins-nvim-lspconfig": "plugins-nvim-lspconfig",
        "plugins-plenary-nvim": "plugins-plenary-nvim",
        "plugins-render-markdown-nvim": "plugins-render-markdown-nvim",
        "plugins-snacks-nvim": "plugins-snacks-nvim"
      },
      "locked": {
        "lastModified": 1765109748,
        "narHash": "sha256-lNqGsEEwIjl6KNGqkiH800Nk1cDxU7Qvb3VucH8E/ts=",
        "owner": "jonas-elhs",
        "repo": "mevim",
        "rev": "9a289cbb2dde159d6b6d78cb5ac974d7765a7fac",
        "type": "github"
      },
      "original": {
        "owner": "jonas-elhs",
        "repo": "mevim",
        "type": "github"
      }
    },
    "neovim-nightly-overlay": {
      "inputs": {
        "flake-parts": "flake-parts",
        "neovim-src": "neovim-src",
        "nixpkgs": [
          "mevim",
          "nixpkgs"
        ]
      },
      "locked": {
        "lastModified": 1764720343,
        "narHash": "sha256-avGXIgpKIuQpwXVWLp8ZAP/pQx4ByLDKh6HTXiB6VXg=",
        "owner": "nix-community",
        "repo": "neovim-nightly-overlay",
        "rev": "9679463fe603c9cc7aa487dc7e1efaf0af5f342f",
        "type": "github"
      },
      "original": {
        "owner": "nix-community",
        "repo": "neovim-nightly-overlay",
        "type": "github"
      }
    },
    "neovim-src": {
      "flake": false,
      "locked": {
        "lastModified": 1764719067,
        "narHash": "sha256-/C8yHYHrQwVNn7BUMCC/4kFC+incmwwQV/pnZf/QdHw=",
        "owner": "neovim",
        "repo": "neovim",
        "rev": "a702534c501f413b7d81461fbb141ff3bbc1c2d7",
        "type": "github"
      },
      "original": {
        "owner": "neovim",
        "repo": "neovim",
        "type": "github"
      }
    },
    "nixCats": {
      "locked": {
        "lastModified": 1764009888,
        "narHash": "sha256-hJekfTiW1792txgRSM4LcHnz1lDSY87LYbsJEn2V378=",
        "owner": "BirdeeHub",
        "repo": "nixCats-nvim",
        "rev": "16ac3281f322ea15d39843829e42a44d22da3715",
        "type": "github"
      },
      "original": {
        "owner": "BirdeeHub",
        "repo": "nixCats-nvim",
        "type": "github"
      }
    },
    "nixpkgs": {
      "locked": {
        "lastModified": 1764950072,
        "narHash": "sha256-BmPWzogsG2GsXZtlT+MTcAWeDK5hkbGRZTeZNW42fwA=",
        "owner": "NixOS",
        "repo": "nixpkgs",
        "rev": "f61125a668a320878494449750330ca58b78c557",
        "type": "github"
      },
      "original": {
        "owner": "NixOS",
        "ref": "nixos-unstable",
        "repo": "nixpkgs",
        "type": "github"
      }
    },
    "nvim-treesitter": {
      "flake": false,
      "locked": {
        "lastModified": 1764266060,
        "narHash": "sha256-j2o5c4qgVYQs5DJpSDX1eMsNonDkhyhEQQYMYW2YS7o=",
        "owner": "nvim-treesitter",
        "repo": "nvim-treesitter",
        "rev": "17885756e63df73ed90db62e4630f744ceda6514",
        "type": "github"
      },
      "original": {
        "owner": "nvim-treesitter",
        "ref": "main",
        "repo": "nvim-treesitter",
        "type": "github"
      }
    },
    "nvim-treesitter-main": {
      "inputs": {
        "nixpkgs": [
          "mevim",
          "nixpkgs"
        ],
        "nvim-treesitter": "nvim-treesitter",
        "nvim-treesitter-textobjects": "nvim-treesitter-textobjects"
      },
      "locked": {
        "lastModified": 1764561751,
        "narHash": "sha256-gI/1xLdvXvrkZYTArFSW/2bydHiIJvln6sePNT4KHAc=",
        "owner": "iofq",
        "repo": "nvim-treesitter-main",
        "rev": "9f104282ca15b762fd6523a82ec9a6c182170489",
        "type": "github"
      },
      "original": {
        "owner": "iofq",
        "repo": "nvim-treesitter-main",
        "type": "github"
      }
    },
    "nvim-treesitter-textobjects": {
      "flake": false,
      "locked": {
        "lastModified": 1764294350,
        "narHash": "sha256-M7Wfyg1cHXOHKzkhei3GfozK2tsUZ7LZoOdSiHY0dG4=",
        "owner": "nvim-treesitter",
        "repo": "nvim-treesitter-textobjects",
        "rev": "63c4dce4a56312ef1bdeafd16bdefa008fcc950a",
        "type": "github"
      },
      "original": {
        "owner": "nvim-treesitter",
        "ref": "main",
        "repo": "nvim-treesitter-textobjects",
        "type": "github"
      }
    },
    "plugins-conform-nvim": {
      "flake": false,
      "locked": {
        "lastModified": 1764743081,
        "narHash": "sha256-qCjrMt3fsRbLr/iM7nFHG7oKtyTTGcse4/cJbm3odJE=",
        "owner": "stevearc",
        "repo": "conform.nvim",
        "rev": "ffe26e8df8115c9665d24231f8a49fadb2d611ce",
        "type": "github"
      },
      "original": {
        "owner": "stevearc",
        "repo": "conform.nvim",
        "type": "github"
      }
    },
    "plugins-gitsigns-nvim": {
      "flake": false,
      "locked": {
        "lastModified": 1764322768,
        "narHash": "sha256-w3Q7nMFEbcjP6RmSTONg2Nw1dBXDEHnjQ69FuAPJRD8=",
        "owner": "lewis6991",
        "repo": "gitsigns.nvim",
        "rev": "5813e4878748805f1518cee7abb50fd7205a3a48",
        "type": "github"
      },
      "original": {
        "owner": "lewis6991",
        "repo": "gitsigns.nvim",
        "type": "github"
      }
    },
    "plugins-incline-nvim": {
      "flake": false,
      "locked": {
        "lastModified": 1763297530,
        "narHash": "sha256-4YMtnhm1DvywnfxD2D9POZLq+368AsBqbGk6OvNL8/0=",
        "owner": "b0o",
        "repo": "incline.nvim",
        "rev": "6a3b0635bcd2490dbb1fa124217d41bf69ca0fa2",
        "type": "github"
      },
      "original": {
        "owner": "b0o",
        "repo": "incline.nvim",
        "type": "github"
      }
    },
    "plugins-leap-nvim": {
      "flake": false,
      "locked": {
        "lastModified": 1764088077,
        "narHash": "sha256-i2RGD7tc802ksEdq6w9K71PC6gEBsRTW/gUZOt5+oJI=",
        "owner": "ggandor",
        "repo": "leap.nvim",
        "rev": "3c49d309d49d66a9feb0dd824353f186b3ee5efa",
        "type": "github"
      },
      "original": {
        "owner": "ggandor",
        "repo": "leap.nvim",
        "type": "github"
      }
    },
    "plugins-live-preview-nvim": {
      "flake": false,
      "locked": {
        "lastModified": 1764057795,
        "narHash": "sha256-j7mSFXwdrVwHY98mufhSaQ6zG/oCBOZ0VKRsUpnUTRg=",
        "owner": "brianhuster",
        "repo": "live-preview.nvim",
        "rev": "774964d8c220e563dc4bbae79dd127c7e0a8ed1a",
        "type": "github"
      },
      "original": {
        "owner": "brianhuster",
        "repo": "live-preview.nvim",
        "type": "github"
      }
    },
    "plugins-mini-nvim": {
      "flake": false,
      "locked": {
        "lastModified": 1764588929,
        "narHash": "sha256-sanegKpPTcr85L7A25ic8HBlaGGXG2kx1kR+DHMgfFw=",
        "owner": "echasnovski",
        "repo": "mini.nvim",
        "rev": "dca98843fab66d080779cd973e7139e258ff164c",
        "type": "github"
      },
      "original": {
        "owner": "echasnovski",
        "repo": "mini.nvim",
        "type": "github"
      }
    },
    "plugins-noice-nvim": {
      "flake": false,
      "locked": {
        "lastModified": 1762187624,
        "narHash": "sha256-FKzhFVmPxshDV4mWpD3LofjRpd6pXesf9QQei1s5rAo=",
        "owner": "folke",
        "repo": "noice.nvim",
        "rev": "7bfd942445fb63089b59f97ca487d605e715f155",
        "type": "github"
      },
      "original": {
        "owner": "folke",
        "repo": "noice.nvim",
        "type": "github"
      }
    },
    "plugins-nui-nvim": {
      "flake": false,
      "locked": {
        "lastModified": 1749392788,
        "narHash": "sha256-41slmnvt1z7sCxvpiVuFmQ9g7eCaxQi1dDCL3AxSL1A=",
        "owner": "MunifTanjim",
        "repo": "nui.nvim",
        "rev": "de740991c12411b663994b2860f1a4fd0937c130",
        "type": "github"
      },
      "original": {
        "owner": "MunifTanjim",
        "repo": "nui.nvim",
        "type": "github"
      }
    },
    "plugins-nvim-colorizer-lua": {
      "flake": false,
      "locked": {
        "lastModified": 1762088486,
        "narHash": "sha256-1faAhmHrYhCyeVc4vRaRWC1OW38POjTEwORjtnRdoV4=",
        "owner": "catgoose",
        "repo": "nvim-colorizer.lua",
        "rev": "81e676d3203c9eb6e4c0ccf1eba1679296ef923f",
        "type": "github"
      },
      "original": {
        "owner": "catgoose",
        "repo": "nvim-colorizer.lua",
        "type": "github"
      }
    },
    "plugins-nvim-lint": {
      "flake": false,
      "locked": {
        "lastModified": 1763729870,
        "narHash": "sha256-9fIZPUZhnQEHJtvboCs+A2QXo4UMTFejuHNagDkfkRk=",
        "owner": "mfussenegger",
        "repo": "nvim-lint",
        "rev": "d1118791070d090777398792a73032a0ca5c79ff",
        "type": "github"
      },
      "original": {
        "owner": "mfussenegger",
        "repo": "nvim-lint",
        "type": "github"
      }
    },
    "plugins-nvim-lspconfig": {
      "flake": false,
      "locked": {
        "lastModified": 1764781921,
        "narHash": "sha256-H1wlVKg6/MjZhxUWh5Arw3IG6+/IKGOnBWdshSSUqCE=",
        "owner": "neovim",
        "repo": "nvim-lspconfig",
        "rev": "7757d54716b26280b1b1785d89364a016a29c445",
        "type": "github"
      },
      "original": {
        "owner": "neovim",
        "repo": "nvim-lspconfig",
        "type": "github"
      }
    },
    "plugins-plenary-nvim": {
      "flake": false,
      "locked": {
        "lastModified": 1753570668,
        "narHash": "sha256-9Un7ekhBxcnmFE1xjCCFTZ7eqIbmXvQexpnhduAg4M0=",
        "owner": "nvim-lua",
        "repo": "plenary.nvim",
        "rev": "b9fd5226c2f76c951fc8ed5923d85e4de065e509",
        "type": "github"
      },
      "original": {
        "owner": "nvim-lua",
        "repo": "plenary.nvim",
        "type": "github"
      }
    },
    "plugins-render-markdown-nvim": {
      "flake": false,
      "locked": {
        "lastModified": 1764732647,
        "narHash": "sha256-jya61X22LbcT4hpeio3qE/oOI/lvqKpf09oGEHHvQdA=",
        "owner": "MeanderingProgrammer",
        "repo": "render-markdown.nvim",
        "rev": "b2b135347e299ffbf7f4123fb7811899b0c9f4b8",
        "type": "github"
      },
      "original": {
        "owner": "MeanderingProgrammer",
        "repo": "render-markdown.nvim",
        "type": "github"
      }
    },
    "plugins-snacks-nvim": {
      "flake": false,
      "locked": {
        "lastModified": 1763464072,
        "narHash": "sha256-vRedYg29QGPGW0hOX9qbRSIImh1d/SoDZHImDF2oqKM=",
        "owner": "folke",
        "repo": "snacks.nvim",
        "rev": "fe7cfe9800a182274d0f868a74b7263b8c0c020b",
        "type": "github"
      },
      "original": {
        "owner": "folke",
        "repo": "snacks.nvim",
        "type": "github"
      }
    },
    "pre-commit-hooks": {
      "inputs": {
        "flake-compat": "flake-compat",
        "gitignore": "gitignore",
        "nixpkgs": [
          "hyprland",
          "nixpkgs"
        ]
      },
      "locked": {
        "lastModified": 1765016596,
        "narHash": "sha256-rhSqPNxDVow7OQKi4qS5H8Au0P4S3AYbawBSmJNUtBQ=",
        "owner": "cachix",
        "repo": "git-hooks.nix",
        "rev": "548fc44fca28a5e81c5d6b846e555e6b9c2a5a3c",
        "type": "github"
      },
      "original": {
        "owner": "cachix",
        "repo": "git-hooks.nix",
        "type": "github"
      }
    },
    "root": {
      "inputs": {
        "firefox-addons": "firefox-addons",
        "home-manager": "home-manager",
        "hypr-dynamic-cursors": "hypr-dynamic-cursors",
        "hyprland": "hyprland",
        "meshell": "meshell",
        "mevim": "mevim",
        "nixpkgs": "nixpkgs",
        "zen-browser": "zen-browser"
      }
    },
    "systems": {
      "locked": {
        "lastModified": 1689347949,
        "narHash": "sha256-12tWmuL2zgBgZkdoB6qXZsgJEH9LR3oUgpaQq2RbI80=",
        "owner": "nix-systems",
        "repo": "default-linux",
        "rev": "31732fcf5e8fea42e59c2488ad31a0e651500f68",
        "type": "github"
      },
      "original": {
        "owner": "nix-systems",
        "repo": "default-linux",
        "type": "github"
      }
    },
    "xdph": {
      "inputs": {
        "hyprland-protocols": [
          "hyprland",
          "hyprland-protocols"
        ],
        "hyprlang": [
          "hyprland",
          "hyprlang"
        ],
        "hyprutils": [
          "hyprland",
          "hyprutils"
        ],
        "hyprwayland-scanner": [
          "hyprland",
          "hyprwayland-scanner"
        ],
        "nixpkgs": [
          "hyprland",
          "nixpkgs"
        ],
        "systems": [
          "hyprland",
          "systems"
        ]
      },
      "locked": {
        "lastModified": 1761431178,
        "narHash": "sha256-xzjC1CV3+wpUQKNF+GnadnkeGUCJX+vgaWIZsnz9tzI=",
        "owner": "hyprwm",
        "repo": "xdg-desktop-portal-hyprland",
        "rev": "4b8801228ff958d028f588f0c2b911dbf32297f9",
        "type": "github"
      },
      "original": {
        "owner": "hyprwm",
        "repo": "xdg-desktop-portal-hyprland",
        "type": "github"
      }
    },
    "zen-browser": {
      "inputs": {
        "home-manager": "home-manager_2",
        "nixpkgs": [
          "nixpkgs"
        ]
      },
      "locked": {
        "lastModified": 1765084755,
        "narHash": "sha256-Da6OF+dMG/L8IRrWE7bgJPclrh6e8BJCUs0mp8V9MsA=",
        "owner": "0xc000022070",
        "repo": "zen-browser-flake",
        "rev": "3865973f52b821abc9c1cb2b21245391de42cc79",
        "type": "github"
      },
      "original": {
        "owner": "0xc000022070",
        "repo": "zen-browser-flake",
        "type": "github"
      }
    }
  },
  "root": "root",
  "version": 7
}
