{
  "nodes": {
    "aquamarine": {
      "inputs": {
        "hyprutils": [
          "hyprland",
          "hyprutils"
        ],
        "hyprwayland-scanner": [
          "hyprland",
          "hyprwayland-scanner"
        ],
        "nixpkgs": [
          "hyprland",
          "nixpkgs"
        ],
        "systems": [
          "hyprland",
          "systems"
        ]
      },
      "locked": {
        "lastModified": 1773436376,
        "narHash": "sha256-OUPRrprbgN27BXHuWkMAPSCfLLQ/uwpWghEfKYN2iAg=",
        "owner": "hyprwm",
        "repo": "aquamarine",
        "rev": "43f10d24391692bba3d762931ee35e7f17f8e8b8",
        "type": "github"
      },
      "original": {
        "owner": "hyprwm",
        "repo": "aquamarine",
        "type": "github"
      }
    },
    "firefox-addons": {
      "inputs": {
        "nixpkgs": [
          "nixpkgs"
        ]
      },
      "locked": {
        "dir": "pkgs/firefox-addons",
        "lastModified": 1773892995,
        "narHash": "sha256-kRGAztxZcaErtp4FoXnKgOX0OebUdkAIoSXRU1fybKA=",
        "owner": "rycee",
        "repo": "nur-expressions",
        "rev": "394a8d49da42d2a63e8845c7262c636051f0f823",
        "type": "gitlab"
      },
      "original": {
        "dir": "pkgs/firefox-addons",
        "owner": "rycee",
        "repo": "nur-expressions",
        "type": "gitlab"
      }
    },
    "flake-compat": {
      "flake": false,
      "locked": {
        "lastModified": 1767039857,
        "narHash": "sha256-vNpUSpF5Nuw8xvDLj2KCwwksIbjua2LZCqhV1LNRDns=",
        "owner": "NixOS",
        "repo": "flake-compat",
        "rev": "5edf11c44bc78a0d334f6334cdaf7d60d732daab",
        "type": "github"
      },
      "original": {
        "owner": "NixOS",
        "repo": "flake-compat",
        "type": "github"
      }
    },
    "flake-parts": {
      "inputs": {
        "nixpkgs-lib": [
          "mevim",
          "neovim-nightly-overlay",
          "nixpkgs"
        ]
      },
      "locked": {
        "lastModified": 1772408722,
        "narHash": "sha256-rHuJtdcOjK7rAHpHphUb1iCvgkU3GpfvicLMwwnfMT0=",
        "owner": "hercules-ci",
        "repo": "flake-parts",
        "rev": "f20dc5d9b8027381c474144ecabc9034d6a839a3",
        "type": "github"
      },
      "original": {
        "owner": "hercules-ci",
        "repo": "flake-parts",
        "type": "github"
      }
    },
    "gitignore": {
      "inputs": {
        "nixpkgs": [
          "hyprland",
          "pre-commit-hooks",
          "nixpkgs"
        ]
      },
      "locked": {
        "lastModified": 1709087332,
        "narHash": "sha256-HG2cCnktfHsKV0s4XW83gU3F57gaTljL9KNSuG6bnQs=",
        "owner": "hercules-ci",
        "repo": "gitignore.nix",
        "rev": "637db329424fd7e46cf4185293b9cc8c88c95394",
        "type": "github"
      },
      "original": {
        "owner": "hercules-ci",
        "repo": "gitignore.nix",
        "type": "github"
      }
    },
    "home-manager": {
      "inputs": {
        "nixpkgs": [
          "nixpkgs"
        ]
      },
      "locked": {
        "lastModified": 1773898372,
        "narHash": "sha256-PqeDgmyI/Df3/Mv0B81FP/ZC4KuO88YRQF5ZfeFyA4k=",
        "owner": "nix-community",
        "repo": "home-manager",
        "rev": "ecf019baf47df009937b5f8c4604cee10f410a76",
        "type": "github"
      },
      "original": {
        "owner": "nix-community",
        "repo": "home-manager",
        "type": "github"
      }
    },
    "home-manager_2": {
      "inputs": {
        "nixpkgs": [
          "zen-browser",
          "nixpkgs"
        ]
      },
      "locked": {
        "lastModified": 1773422513,
        "narHash": "sha256-MPjR48roW7CUMU6lu0+qQGqj92Kuh3paIulMWFZy+NQ=",
        "owner": "nix-community",
        "repo": "home-manager",
        "rev": "ef12a9a2b0f77c8fa3dda1e7e494fca668909056",
        "type": "github"
      },
      "original": {
        "owner": "nix-community",
        "repo": "home-manager",
        "type": "github"
      }
    },
    "hypr-dynamic-cursors": {
      "inputs": {
        "hyprland": [
          "hyprland"
        ],
        "nixpkgs": [
          "nixpkgs"
        ]
      },
      "locked": {
        "lastModified": 1773098910,
        "narHash": "sha256-hHMMP4h9VvacDLb8lkI6gZcUnhDbEt+GP2RLLL2s2C4=",
        "owner": "VirtCode",
        "repo": "hypr-dynamic-cursors",
        "rev": "57e14edd0ae265b01828e466e287e96eb1e84dd3",
        "type": "github"
      },
      "original": {
        "owner": "VirtCode",
        "repo": "hypr-dynamic-cursors",
        "type": "github"
      }
    },
    "hyprcursor": {
      "inputs": {
        "hyprlang": [
          "hyprland",
          "hyprlang"
        ],
        "nixpkgs": [
          "hyprland",
          "nixpkgs"
        ],
        "systems": [
          "hyprland",
          "systems"
        ]
      },
      "locked": {
        "lastModified": 1772461003,
        "narHash": "sha256-pVICsV7FtcEeVwg5y/LFh3XFUkVJninm/P1j/JHzEbM=",
        "owner": "hyprwm",
        "repo": "hyprcursor",
        "rev": "b62396457b9cfe2ebf24fe05404b09d2a40f8ed7",
        "type": "github"
      },
      "original": {
        "owner": "hyprwm",
        "repo": "hyprcursor",
        "type": "github"
      }
    },
    "hyprgraphics": {
      "inputs": {
        "hyprutils": [
          "hyprland",
          "hyprutils"
        ],
        "nixpkgs": [
          "hyprland",
          "nixpkgs"
        ],
        "systems": [
          "hyprland",
          "systems"
        ]
      },
      "locked": {
        "lastModified": 1772461523,
        "narHash": "sha256-mI6A51do+hEUzeJKk9YSWfVHdI/SEEIBi2tp5Whq5mI=",
        "owner": "hyprwm",
        "repo": "hyprgraphics",
        "rev": "7d63c04b4a2dd5e59ef943b4b143f46e713df804",
        "type": "github"
      },
      "original": {
        "owner": "hyprwm",
        "repo": "hyprgraphics",
        "type": "github"
      }
    },
    "hyprland": {
      "inputs": {
        "aquamarine": "aquamarine",
        "hyprcursor": "hyprcursor",
        "hyprgraphics": "hyprgraphics",
        "hyprland-guiutils": "hyprland-guiutils",
        "hyprland-protocols": "hyprland-protocols",
        "hyprlang": "hyprlang",
        "hyprutils": "hyprutils",
        "hyprwayland-scanner": "hyprwayland-scanner",
        "hyprwire": "hyprwire",
        "nixpkgs": [
          "nixpkgs"
        ],
        "pre-commit-hooks": "pre-commit-hooks",
        "systems": "systems",
        "xdph": "xdph"
      },
      "locked": {
        "lastModified": 1773926276,
        "narHash": "sha256-dasCo1RATJvJWjPaVkbXPvjbWE+4f69bnRNGwtsh7Ao=",
        "owner": "hyprwm",
        "repo": "Hyprland",
        "rev": "ad46ff635bcf7b4877b03e97d8e85468f025f4a1",
        "type": "github"
      },
      "original": {
        "owner": "hyprwm",
        "repo": "Hyprland",
        "type": "github"
      }
    },
    "hyprland-guiutils": {
      "inputs": {
        "aquamarine": [
          "hyprland",
          "aquamarine"
        ],
        "hyprgraphics": [
          "hyprland",
          "hyprgraphics"
        ],
        "hyprlang": [
          "hyprland",
          "hyprlang"
        ],
        "hyprtoolkit": "hyprtoolkit",
        "hyprutils": [
          "hyprland",
          "hyprutils"
        ],
        "hyprwayland-scanner": [
          "hyprland",
          "hyprwayland-scanner"
        ],
        "nixpkgs": [
          "hyprland",
          "nixpkgs"
        ],
        "systems": [
          "hyprland",
          "systems"
        ]
      },
      "locked": {
        "lastModified": 1772467975,
        "narHash": "sha256-kipyuDBxrZq+beYpZqWzGvFWm4QbayW9agAvi94vDXY=",
        "owner": "hyprwm",
        "repo": "hyprland-guiutils",
        "rev": "5e1c6b9025aaf4d578f3eff7c0eb1f0c197a9507",
        "type": "github"
      },
      "original": {
        "owner": "hyprwm",
        "repo": "hyprland-guiutils",
        "type": "github"
      }
    },
    "hyprland-protocols": {
      "inputs": {
        "nixpkgs": [
          "hyprland",
          "nixpkgs"
        ],
        "systems": [
          "hyprland",
          "systems"
        ]
      },
      "locked": {
        "lastModified": 1772460177,
        "narHash": "sha256-/6G/MsPvtn7bc4Y32pserBT/Z4SUUdBd4XYJpOEKVR4=",
        "owner": "hyprwm",
        "repo": "hyprland-protocols",
        "rev": "1cb6db5fd6bb8aee419f4457402fa18293ace917",
        "type": "github"
      },
      "original": {
        "owner": "hyprwm",
        "repo": "hyprland-protocols",
        "type": "github"
      }
    },
    "hyprlang": {
      "inputs": {
        "hyprutils": [
          "hyprland",
          "hyprutils"
        ],
        "nixpkgs": [
          "hyprland",
          "nixpkgs"
        ],
        "systems": [
          "hyprland",
          "systems"
        ]
      },
      "locked": {
        "lastModified": 1772459629,
        "narHash": "sha256-/iwvNUYShmmnwmz/czEUh6+0eF5vCMv0xtDW0STPIuM=",
        "owner": "hyprwm",
        "repo": "hyprlang",
        "rev": "7615ee388de18239a4ab1400946f3d0e498a8186",
        "type": "github"
      },
      "original": {
        "owner": "hyprwm",
        "repo": "hyprlang",
        "type": "github"
      }
    },
    "hyprtoolkit": {
      "inputs": {
        "aquamarine": [
          "hyprland",
          "hyprland-guiutils",
          "aquamarine"
        ],
        "hyprgraphics": [
          "hyprland",
          "hyprland-guiutils",
          "hyprgraphics"
        ],
        "hyprlang": [
          "hyprland",
          "hyprland-guiutils",
          "hyprlang"
        ],
        "hyprutils": [
          "hyprland",
          "hyprland-guiutils",
          "hyprutils"
        ],
        "hyprwayland-scanner": [
          "hyprland",
          "hyprland-guiutils",
          "hyprwayland-scanner"
        ],
        "nixpkgs": [
          "hyprland",
          "hyprland-guiutils",
          "nixpkgs"
        ],
        "systems": [
          "hyprland",
          "hyprland-guiutils",
          "systems"
        ]
      },
      "locked": {
        "lastModified": 1772462885,
        "narHash": "sha256-5pHXrQK9zasMnIo6yME6EOXmWGFMSnCITcfKshhKJ9I=",
        "owner": "hyprwm",
        "repo": "hyprtoolkit",
        "rev": "9af245a69fa6b286b88ddfc340afd288e00a6998",
        "type": "github"
      },
      "original": {
        "owner": "hyprwm",
        "repo": "hyprtoolkit",
        "type": "github"
      }
    },
    "hyprutils": {
      "inputs": {
        "nixpkgs": [
          "hyprland",
          "nixpkgs"
        ],
        "systems": [
          "hyprland",
          "systems"
        ]
      },
      "locked": {
        "lastModified": 1773436263,
        "narHash": "sha256-n+2xFJngUkBqUJD5FsbVnYEHBTyDFSqtBIwQIGPXWWo=",
        "owner": "hyprwm",
        "repo": "hyprutils",
        "rev": "5e228db6821380a5875d5643176c5c46a47b8134",
        "type": "github"
      },
      "original": {
        "owner": "hyprwm",
        "repo": "hyprutils",
        "type": "github"
      }
    },
    "hyprwayland-scanner": {
      "inputs": {
        "nixpkgs": [
          "hyprland",
          "nixpkgs"
        ],
        "systems": [
          "hyprland",
          "systems"
        ]
      },
      "locked": {
        "lastModified": 1772459835,
        "narHash": "sha256-978jRz/y/9TKmZb/qD4lEYHCQGHpEXGqy+8X2lFZsak=",
        "owner": "hyprwm",
        "repo": "hyprwayland-scanner",
        "rev": "0a692d4a645165eebd65f109146b8861e3a925e7",
        "type": "github"
      },
      "original": {
        "owner": "hyprwm",
        "repo": "hyprwayland-scanner",
        "type": "github"
      }
    },
    "hyprwire": {
      "inputs": {
        "hyprutils": [
          "hyprland",
          "hyprutils"
        ],
        "nixpkgs": [
          "hyprland",
          "nixpkgs"
        ],
        "systems": [
          "hyprland",
          "systems"
        ]
      },
      "locked": {
        "lastModified": 1773074819,
        "narHash": "sha256-qRqYnXiKoJLRTcfaRukn7EifmST2IVBUMZOeZMAc5UA=",
        "owner": "hyprwm",
        "repo": "hyprwire",
        "rev": "f68afd0e73687598cc2774804fedad76693046f0",
        "type": "github"
      },
      "original": {
        "owner": "hyprwm",
        "repo": "hyprwire",
        "type": "github"
      }
    },
    "meshell": {
      "inputs": {
        "nixpkgs": [
          "nixpkgs"
        ]
      },
      "locked": {
        "lastModified": 1770559422,
        "narHash": "sha256-SBeyfWqBZcpJxy0c0pWNs0+PLiXbUBvcXDzc6a8zhl0=",
        "owner": "jonas-elhs",
        "repo": "meshell",
        "rev": "b7e60e4d10d653ef003ecc18f458396d18e62a0b",
        "type": "github"
      },
      "original": {
        "owner": "jonas-elhs",
        "repo": "meshell",
        "type": "github"
      }
    },
    "metemplate": {
      "inputs": {
        "nixpkgs": "nixpkgs",
        "systems": "systems_2"
      },
      "locked": {
        "lastModified": 0,
        "narHash": "sha256-koGaauawttcCzFnfuRWWfPDuRZ8kbRbPM/SVm3GzDHg=",
        "path": "/home/jonas/dev/metemplate",
        "type": "path"
      },
      "original": {
        "path": "/home/jonas/dev/metemplate",
        "type": "path"
      }
    },
    "mevim": {
      "inputs": {
        "neovim-nightly-overlay": "neovim-nightly-overlay",
        "nixpkgs": [
          "nixpkgs"
        ],
        "plugins-colorful-winsep-nvim": "plugins-colorful-winsep-nvim",
        "plugins-conform-nvim": "plugins-conform-nvim",
        "plugins-incline-nvim": "plugins-incline-nvim",
        "plugins-leap-nvim": "plugins-leap-nvim",
        "plugins-live-preview-nvim": "plugins-live-preview-nvim",
        "plugins-markview-nvim": "plugins-markview-nvim",
        "plugins-mini-nvim": "plugins-mini-nvim",
        "plugins-noice-nvim": "plugins-noice-nvim",
        "plugins-nui-nvim": "plugins-nui-nvim",
        "plugins-nvim-colorizer-lua": "plugins-nvim-colorizer-lua",
        "plugins-nvim-dap": "plugins-nvim-dap",
        "plugins-nvim-dap-view": "plugins-nvim-dap-view",
        "plugins-nvim-dap-virtual-text": "plugins-nvim-dap-virtual-text",
        "plugins-nvim-lint": "plugins-nvim-lint",
        "plugins-nvim-lspconfig": "plugins-nvim-lspconfig",
        "plugins-plenary-nvim": "plugins-plenary-nvim",
        "plugins-snacks-nvim": "plugins-snacks-nvim",
        "plugins-treesj-nvim": "plugins-treesj-nvim",
        "wrappers": "wrappers"
      },
      "locked": {
        "lastModified": 1773415680,
        "narHash": "sha256-X0nDH7bREI9YuSkH9zgdxX12kq62ePpNeTHi4FB2hJY=",
        "owner": "jonas-elhs",
        "repo": "mevim",
        "rev": "ecb6388af75f6504951f6ca78d7de44fce4ab60a",
        "type": "github"
      },
      "original": {
        "owner": "jonas-elhs",
        "repo": "mevim",
        "type": "github"
      }
    },
    "neovim-nightly-overlay": {
      "inputs": {
        "flake-parts": "flake-parts",
        "neovim-src": "neovim-src",
        "nixpkgs": [
          "mevim",
          "nixpkgs"
        ]
      },
      "locked": {
        "lastModified": 1773360308,
        "narHash": "sha256-Asr6gDwzxvcglRaXEZSTL4lEA6braemURJc6wKBhKrs=",
        "owner": "nix-community",
        "repo": "neovim-nightly-overlay",
        "rev": "b550599eedc54514f5b71cee8e480e337d104d84",
        "type": "github"
      },
      "original": {
        "owner": "nix-community",
        "repo": "neovim-nightly-overlay",
        "type": "github"
      }
    },
    "neovim-src": {
      "flake": false,
      "locked": {
        "lastModified": 1773359104,
        "narHash": "sha256-vWu0zLThxpsx6vbPK5eAgvkMKu1LV8tbybS/sjWn8S8=",
        "owner": "neovim",
        "repo": "neovim",
        "rev": "957eb1fde04496b4a2c07fd8427a8d78844d1bf7",
        "type": "github"
      },
      "original": {
        "owner": "neovim",
        "repo": "neovim",
        "type": "github"
      }
    },
    "nixpkgs": {
      "locked": {
        "lastModified": 1769789167,
        "narHash": "sha256-kKB3bqYJU5nzYeIROI82Ef9VtTbu4uA3YydSk/Bioa8=",
        "owner": "NixOS",
        "repo": "nixpkgs",
        "rev": "62c8382960464ceb98ea593cb8321a2cf8f9e3e5",
        "type": "github"
      },
      "original": {
        "owner": "NixOS",
        "ref": "nixos-unstable",
        "repo": "nixpkgs",
        "type": "github"
      }
    },
    "nixpkgs_2": {
      "locked": {
        "lastModified": 1773821835,
        "narHash": "sha256-TJ3lSQtW0E2JrznGVm8hOQGVpXjJyXY2guAxku2O9A4=",
        "owner": "NixOS",
        "repo": "nixpkgs",
        "rev": "b40629efe5d6ec48dd1efba650c797ddbd39ace0",
        "type": "github"
      },
      "original": {
        "owner": "NixOS",
        "ref": "nixos-unstable",
        "repo": "nixpkgs",
        "type": "github"
      }
    },
    "plugins-colorful-winsep-nvim": {
      "flake": false,
      "locked": {
        "lastModified": 1771503745,
        "narHash": "sha256-xZKDP/9iG2+tt8nqNpirvCe5olNj/jLYrVV9D6o+UXk=",
        "owner": "nvim-zh",
        "repo": "colorful-winsep.nvim",
        "rev": "84432d9966fafaa08dd9040c98b0011045d8e964",
        "type": "github"
      },
      "original": {
        "owner": "nvim-zh",
        "repo": "colorful-winsep.nvim",
        "type": "github"
      }
    },
    "plugins-conform-nvim": {
      "flake": false,
      "locked": {
        "lastModified": 1773119871,
        "narHash": "sha256-aJIUkAcFdaOWBQ3HNLLvhqALzch0BqPUZPtb2cmIeCE=",
        "owner": "stevearc",
        "repo": "conform.nvim",
        "rev": "086a40dc7ed8242c03be9f47fbcee68699cc2395",
        "type": "github"
      },
      "original": {
        "owner": "stevearc",
        "repo": "conform.nvim",
        "type": "github"
      }
    },
    "plugins-incline-nvim": {
      "flake": false,
      "locked": {
        "lastModified": 1766038939,
        "narHash": "sha256-aOkmH3j1F6Hqxb7ug/fxlj/rhCzhzC8gORdJmetjhoQ=",
        "owner": "b0o",
        "repo": "incline.nvim",
        "rev": "8b54c59bcb23366645ae10edca6edfb9d3a0853e",
        "type": "github"
      },
      "original": {
        "owner": "b0o",
        "repo": "incline.nvim",
        "type": "github"
      }
    },
    "plugins-leap-nvim": {
      "flake": false,
      "locked": {
        "lastModified": 1772894418,
        "narHash": "sha256-HkLmYb0+Vu65JalaE2JuMJM74/fWAS3QJRQb4BW5esw=",
        "ref": "refs/heads/main",
        "rev": "774c452da3521d4434f912b6ca6dd97318aca4b0",
        "revCount": 725,
        "type": "git",
        "url": "https://codeberg.org/andyg/leap.nvim"
      },
      "original": {
        "type": "git",
        "url": "https://codeberg.org/andyg/leap.nvim"
      }
    },
    "plugins-live-preview-nvim": {
      "flake": false,
      "locked": {
        "lastModified": 1772703440,
        "narHash": "sha256-8R4WNFKMz72MoycBK736A5YC8NH1K8TBea2Px4udGZ8=",
        "owner": "brianhuster",
        "repo": "live-preview.nvim",
        "rev": "c1fcf75c5f9c9c01dd392852de44204b60f1b5b1",
        "type": "github"
      },
      "original": {
        "owner": "brianhuster",
        "repo": "live-preview.nvim",
        "type": "github"
      }
    },
    "plugins-markview-nvim": {
      "flake": false,
      "locked": {
        "lastModified": 1773222599,
        "narHash": "sha256-zk7krm9CK0DW+hc4gDDdiqUB9gQnOwC64sr3vyy+9kM=",
        "owner": "OXY2DEV",
        "repo": "markview.nvim",
        "rev": "918f3f92e87d28a487af89912d774521a52f9888",
        "type": "github"
      },
      "original": {
        "owner": "OXY2DEV",
        "repo": "markview.nvim",
        "type": "github"
      }
    },
    "plugins-mini-nvim": {
      "flake": false,
      "locked": {
        "lastModified": 1773329697,
        "narHash": "sha256-Idg/aP7kXAjXra51I56+DtldHII4NmKzGehIkk0S19c=",
        "owner": "nvim-mini",
        "repo": "mini.nvim",
        "rev": "9990c41f10f54f29a888d13024c9f765037bde23",
        "type": "github"
      },
      "original": {
        "owner": "nvim-mini",
        "repo": "mini.nvim",
        "type": "github"
      }
    },
    "plugins-noice-nvim": {
      "flake": false,
      "locked": {
        "lastModified": 1762187624,
        "narHash": "sha256-FKzhFVmPxshDV4mWpD3LofjRpd6pXesf9QQei1s5rAo=",
        "owner": "folke",
        "repo": "noice.nvim",
        "rev": "7bfd942445fb63089b59f97ca487d605e715f155",
        "type": "github"
      },
      "original": {
        "owner": "folke",
        "repo": "noice.nvim",
        "type": "github"
      }
    },
    "plugins-nui-nvim": {
      "flake": false,
      "locked": {
        "lastModified": 1749392788,
        "narHash": "sha256-41slmnvt1z7sCxvpiVuFmQ9g7eCaxQi1dDCL3AxSL1A=",
        "owner": "MunifTanjim",
        "repo": "nui.nvim",
        "rev": "de740991c12411b663994b2860f1a4fd0937c130",
        "type": "github"
      },
      "original": {
        "owner": "MunifTanjim",
        "repo": "nui.nvim",
        "type": "github"
      }
    },
    "plugins-nvim-colorizer-lua": {
      "flake": false,
      "locked": {
        "lastModified": 1772905540,
        "narHash": "sha256-8ETgER/T/kKI27I1DlpoenRz1FZAoobNI1/jR1QiRnM=",
        "owner": "catgoose",
        "repo": "nvim-colorizer.lua",
        "rev": "ef211089af881bea206c7aa3f2693a81feee7e90",
        "type": "github"
      },
      "original": {
        "owner": "catgoose",
        "repo": "nvim-colorizer.lua",
        "type": "github"
      }
    },
    "plugins-nvim-dap": {
      "flake": false,
      "locked": {
        "lastModified": 1772809467,
        "narHash": "sha256-U9RMvCDeNQjZ/8TFn848YQXhccIvZsBf7Axa/IipX/Q=",
        "owner": "mfussenegger",
        "repo": "nvim-dap",
        "rev": "a9d8cb68ee7184111dc66156c4a2ebabfbe01bc5",
        "type": "github"
      },
      "original": {
        "owner": "mfussenegger",
        "repo": "nvim-dap",
        "type": "github"
      }
    },
    "plugins-nvim-dap-view": {
      "flake": false,
      "locked": {
        "lastModified": 1772845797,
        "narHash": "sha256-WIT0t1TlfgDPLs7EOJf/f8kOgYbz/qtjwk/PYBKc0YY=",
        "owner": "igorlfs",
        "repo": "nvim-dap-view",
        "rev": "4f9069096f5616f12a73b9287586d21eb1e4fdb0",
        "type": "github"
      },
      "original": {
        "owner": "igorlfs",
        "repo": "nvim-dap-view",
        "type": "github"
      }
    },
    "plugins-nvim-dap-virtual-text": {
      "flake": false,
      "locked": {
        "lastModified": 1748181918,
        "narHash": "sha256-8hsk+EwnvoHCNhb0dcL9e4hQg9I+t/5Cy9ZoZgcz4fU=",
        "owner": "theHamsta",
        "repo": "nvim-dap-virtual-text",
        "rev": "fbdb48c2ed45f4a8293d0d483f7730d24467ccb6",
        "type": "github"
      },
      "original": {
        "owner": "theHamsta",
        "repo": "nvim-dap-virtual-text",
        "type": "github"
      }
    },
    "plugins-nvim-lint": {
      "flake": false,
      "locked": {
        "lastModified": 1771878210,
        "narHash": "sha256-WotyvU8lqfjN3PVXVpDQm7HMahmwYRYgTN0+WsJwyWQ=",
        "owner": "mfussenegger",
        "repo": "nvim-lint",
        "rev": "606b823a57b027502a9ae00978ebf4f5d5158098",
        "type": "github"
      },
      "original": {
        "owner": "mfussenegger",
        "repo": "nvim-lint",
        "type": "github"
      }
    },
    "plugins-nvim-lspconfig": {
      "flake": false,
      "locked": {
        "lastModified": 1773228508,
        "narHash": "sha256-+KwR8rOsKC6jz3suGTv1A6bhzh25cXi7Mm/ChlqIhrs=",
        "owner": "neovim",
        "repo": "nvim-lspconfig",
        "rev": "0203a9608d63eda57679b01e69f33a7b4c34b0d1",
        "type": "github"
      },
      "original": {
        "owner": "neovim",
        "repo": "nvim-lspconfig",
        "type": "github"
      }
    },
    "plugins-plenary-nvim": {
      "flake": false,
      "locked": {
        "lastModified": 1753570668,
        "narHash": "sha256-9Un7ekhBxcnmFE1xjCCFTZ7eqIbmXvQexpnhduAg4M0=",
        "owner": "nvim-lua",
        "repo": "plenary.nvim",
        "rev": "b9fd5226c2f76c951fc8ed5923d85e4de065e509",
        "type": "github"
      },
      "original": {
        "owner": "nvim-lua",
        "repo": "plenary.nvim",
        "type": "github"
      }
    },
    "plugins-snacks-nvim": {
      "flake": false,
      "locked": {
        "lastModified": 1772353340,
        "narHash": "sha256-987hqjUll8ICGC6NRP2AKGNVpZODejyiwcVAecdKGl8=",
        "owner": "folke",
        "repo": "snacks.nvim",
        "rev": "9912042fc8bca2209105526ac7534e9a0c2071b2",
        "type": "github"
      },
      "original": {
        "owner": "folke",
        "repo": "snacks.nvim",
        "type": "github"
      }
    },
    "plugins-treesj-nvim": {
      "flake": false,
      "locked": {
        "lastModified": 1765194442,
        "narHash": "sha256-Vkt7ympm2STblNd0zGu9LB2XuLbno3PirAPIABKKCOc=",
        "owner": "Wansmer",
        "repo": "treesj",
        "rev": "186084dee5e9c8eec40f6e39481c723dd567cb05",
        "type": "github"
      },
      "original": {
        "owner": "Wansmer",
        "repo": "treesj",
        "type": "github"
      }
    },
    "pre-commit-hooks": {
      "inputs": {
        "flake-compat": "flake-compat",
        "gitignore": "gitignore",
        "nixpkgs": [
          "hyprland",
          "nixpkgs"
        ]
      },
      "locked": {
        "lastModified": 1772893680,
        "narHash": "sha256-JDqZMgxUTCq85ObSaFw0HhE+lvdOre1lx9iI6vYyOEs=",
        "owner": "cachix",
        "repo": "git-hooks.nix",
        "rev": "8baab586afc9c9b57645a734c820e4ac0a604af9",
        "type": "github"
      },
      "original": {
        "owner": "cachix",
        "repo": "git-hooks.nix",
        "type": "github"
      }
    },
    "root": {
      "inputs": {
        "firefox-addons": "firefox-addons",
        "home-manager": "home-manager",
        "hypr-dynamic-cursors": "hypr-dynamic-cursors",
        "hyprland": "hyprland",
        "meshell": "meshell",
        "metemplate": "metemplate",
        "mevim": "mevim",
        "nixpkgs": "nixpkgs_2",
        "zen-browser": "zen-browser"
      }
    },
    "systems": {
      "locked": {
        "lastModified": 1689347949,
        "narHash": "sha256-12tWmuL2zgBgZkdoB6qXZsgJEH9LR3oUgpaQq2RbI80=",
        "owner": "nix-systems",
        "repo": "default-linux",
        "rev": "31732fcf5e8fea42e59c2488ad31a0e651500f68",
        "type": "github"
      },
      "original": {
        "owner": "nix-systems",
        "repo": "default-linux",
        "type": "github"
      }
    },
    "systems_2": {
      "locked": {
        "lastModified": 1681028828,
        "narHash": "sha256-Vy1rq5AaRuLzOxct8nz4T6wlgyUR7zLU309k9mBC768=",
        "owner": "nix-systems",
        "repo": "default",
        "rev": "da67096a3b9bf56a91d16901293e51ba5b49a27e",
        "type": "github"
      },
      "original": {
        "owner": "nix-systems",
        "repo": "default",
        "type": "github"
      }
    },
    "wrappers": {
      "inputs": {
        "nixpkgs": [
          "mevim",
          "nixpkgs"
        ]
      },
      "locked": {
        "lastModified": 1773360496,
        "narHash": "sha256-AQN5UhIc2WHvELT4TWIsD1W05ksLXWRkS5NjPm3jkc0=",
        "owner": "BirdeeHub",
        "repo": "nix-wrapper-modules",
        "rev": "8f1770c6d58a89a4757849713c0e6d9ace7b4ac3",
        "type": "github"
      },
      "original": {
        "owner": "BirdeeHub",
        "repo": "nix-wrapper-modules",
        "type": "github"
      }
    },
    "xdph": {
      "inputs": {
        "hyprland-protocols": [
          "hyprland",
          "hyprland-protocols"
        ],
        "hyprlang": [
          "hyprland",
          "hyprlang"
        ],
        "hyprutils": [
          "hyprland",
          "hyprutils"
        ],
        "hyprwayland-scanner": [
          "hyprland",
          "hyprwayland-scanner"
        ],
        "nixpkgs": [
          "hyprland",
          "nixpkgs"
        ],
        "systems": [
          "hyprland",
          "systems"
        ]
      },
      "locked": {
        "lastModified": 1772669058,
        "narHash": "sha256-XhnY0aRuDo5LT8pmJVPofPOgO2hAR7T+XRoaQxtNPzQ=",
        "owner": "hyprwm",
        "repo": "xdg-desktop-portal-hyprland",
        "rev": "906d0ac159803a7df2dc1f948df9327670380f69",
        "type": "github"
      },
      "original": {
        "owner": "hyprwm",
        "repo": "xdg-desktop-portal-hyprland",
        "type": "github"
      }
    },
    "zen-browser": {
      "inputs": {
        "home-manager": "home-manager_2",
        "nixpkgs": [
          "nixpkgs"
        ]
      },
      "locked": {
        "lastModified": 1773737882,
        "narHash": "sha256-P6k0BtT1/idYveVRdcwAZk8By9UjZW8XOMhSoS6wTBY=",
        "owner": "0xc000022070",
        "repo": "zen-browser-flake",
        "rev": "a7f1db35d74faf04e5189b3a32f890186ace5c28",
        "type": "github"
      },
      "original": {
        "owner": "0xc000022070",
        "repo": "zen-browser-flake",
        "type": "github"
      }
    }
  },
  "root": "root",
  "version": 7
}
